<?xml version="1.0" encoding="utf-8"?>
<Project ToolsVersion="4.0" xmlns="http://schemas.microsoft.com/developer/msbuild/2003">
  <ItemGroup>
    <Filter Include="Source Files">
      <UniqueIdentifier>{4FC737F1-C7A5-4376-A066-2A32D752A2FF}</UniqueIdentifier>
      <Extensions>cpp;c;cc;cxx;c++;cppm;ixx;def;odl;idl;hpj;bat;asm;asmx</Extensions>
    </Filter>
    <Filter Include="Header Files">
      <UniqueIdentifier>{93995380-89BD-4b04-88EB-625FBE52EBFB}</UniqueIdentifier>
      <Extensions>h;hh;hpp;hxx;h++;hm;inl;inc;ipp;xsd</Extensions>
    </Filter>
    <Filter Include="Resource Files">
      <UniqueIdentifier>{67DA6AB6-F800-4c08-8B7A-83BB121AAD01}</UniqueIdentifier>
      <Extensions>rc;ico;cur;bmp;dlg;rc2;rct;bin;rgs;gif;jpg;jpeg;jpe;resx;tiff;tif;png;wav;mfcribbon-ms</Extensions>
    </Filter>
    <Filter Include="BaseGame">
      <UniqueIdentifier>{8de2869e-ebed-42aa-b369-38d4b9af8390}</UniqueIdentifier>
    </Filter>
    <Filter Include="Renderer">
      <UniqueIdentifier>{8dcbd204-233e-4374-afb7-09a6d5fa45c1}</UniqueIdentifier>
    </Filter>
    <Filter Include="Entity">
      <UniqueIdentifier>{89d003fd-2c9a-492a-b966-613a7b966ba2}</UniqueIdentifier>
    </Filter>
    <Filter Include="Shape">
      <UniqueIdentifier>{f77ca11b-cdd5-49de-a596-cd74d0a94e3b}</UniqueIdentifier>
    </Filter>
    <Filter Include="Camera">
      <UniqueIdentifier>{98d78f22-a87a-4fb0-8680-c65ca70382d4}</UniqueIdentifier>
    </Filter>
    <Filter Include="Sprite">
      <UniqueIdentifier>{bcd7f2e9-0705-4be0-bfa5-fd09382fcc55}</UniqueIdentifier>
    </Filter>
    <Filter Include="Input">
      <UniqueIdentifier>{129ff55d-1451-40f9-aa85-461b0c5c12fc}</UniqueIdentifier>
    </Filter>
    <Filter Include="Shader">
      <UniqueIdentifier>{db5446c4-b22b-4a67-b203-46b0932b9b76}</UniqueIdentifier>
    </Filter>
    <Filter Include="Window">
      <UniqueIdentifier>{4487aaff-65a9-4c19-9a7f-5812f52d0371}</UniqueIdentifier>
    </Filter>
    <Filter Include="Utils">
      <UniqueIdentifier>{8befe6a5-8265-4661-a64a-31b12c04a98c}</UniqueIdentifier>
    </Filter>
    <Filter Include="Collision">
      <UniqueIdentifier>{6b948db5-e989-42ff-9204-90b6a863a9ff}</UniqueIdentifier>
    </Filter>
    <Filter Include="TileMap">
      <UniqueIdentifier>{911e82e1-c07b-4283-8069-5ae5d17aada7}</UniqueIdentifier>
    </Filter>
  </ItemGroup>
  <ItemGroup>
    <ClInclude Include="src\entity2D.h">
      <Filter>Entity</Filter>
    </ClInclude>
    <ClInclude Include="src\camera.h">
      <Filter>Camera</Filter>
    </ClInclude>
    <ClInclude Include="src\input.h">
      <Filter>Input</Filter>
    </ClInclude>
    <ClInclude Include="src\shader.h">
      <Filter>Shader</Filter>
    </ClInclude>
    <ClInclude Include="src\shape.h">
      <Filter>Shape</Filter>
    </ClInclude>
    <ClInclude Include="src\sprite.h">
      <Filter>Sprite</Filter>
    </ClInclude>
    <ClInclude Include="src\window.h">
      <Filter>Window</Filter>
    </ClInclude>
    <ClInclude Include="src\export.h">
      <Filter>Utils</Filter>
    </ClInclude>
    <ClInclude Include="src\texture_importer.h">
      <Filter>Utils</Filter>
    </ClInclude>
    <ClInclude Include="src\stb_image.h">
      <Filter>Utils</Filter>
    </ClInclude>
    <ClInclude Include="src\animation.h">
      <Filter>Sprite</Filter>
    </ClInclude>
    <ClInclude Include="src\time_manager.h">
      <Filter>Utils</Filter>
    </ClInclude>
    <ClInclude Include="src\collision_manager.h">
      <Filter>Collision</Filter>
    </ClInclude>
    <ClInclude Include="src\base.h">
      <Filter>BaseGame</Filter>
    </ClInclude>
    <ClInclude Include="src\tile.h">
      <Filter>TileMap</Filter>
    </ClInclude>
    <ClInclude Include="src\tilemap.h">
      <Filter>TileMap</Filter>
    </ClInclude>
    <ClInclude Include="src\xml_lib\tinyxml2.h">
      <Filter>Utils</Filter>
    </ClInclude>
    <ClInclude Include="src\renderer.h">
      <Filter>Renderer</Filter>
    </ClInclude>
    <ClInclude Include="src\utils.h">
      <Filter>Utils</Filter>
    </ClInclude>
  </ItemGroup>
  <ItemGroup>
    <ClCompile Include="src\base.cpp">
      <Filter>BaseGame</Filter>
    </ClCompile>
    <ClCompile Include="src\entity2D.cpp">
      <Filter>Entity</Filter>
    </ClCompile>
    <ClCompile Include="src\camera.cpp">
      <Filter>Camera</Filter>
    </ClCompile>
    <ClCompile Include="src\input.cpp">
      <Filter>Input</Filter>
    </ClCompile>
    <ClCompile Include="src\shader.cpp">
      <Filter>Shader</Filter>
    </ClCompile>
    <ClCompile Include="src\renderer.cpp">
      <Filter>Renderer</Filter>
    </ClCompile>
    <ClCompile Include="src\shape.cpp">
      <Filter>Shape</Filter>
    </ClCompile>
    <ClCompile Include="src\sprite.cpp">
      <Filter>Sprite</Filter>
    </ClCompile>
    <ClCompile Include="src\window.cpp">
      <Filter>Window</Filter>
    </ClCompile>
    <ClCompile Include="src\texture_importer.cpp">
      <Filter>Utils</Filter>
    </ClCompile>
    <ClCompile Include="src\animation.cpp">
      <Filter>Sprite</Filter>
    </ClCompile>
    <ClCompile Include="src\time_manager.cpp">
      <Filter>Source Files</Filter>
    </ClCompile>
    <ClCompile Include="src\collision_manager.cpp">
      <Filter>Collision</Filter>
    </ClCompile>
    <ClCompile Include="src\tile.cpp">
      <Filter>TileMap</Filter>
    </ClCompile>
    <ClCompile Include="src\tilemap.cpp">
      <Filter>TileMap</Filter>
    </ClCompile>
    <ClCompile Include="src\xml_lib\tinyxml2.cpp">
      <Filter>Utils</Filter>
    </ClCompile>
    <ClCompile Include="src\xml_lib\xmltest.cpp">
      <Filter>Utils</Filter>
    </ClCompile>
    <ClCompile Include="src\utils.cpp">
      <Filter>Utils</Filter>
    </ClCompile>
  </ItemGroup>
  <ItemGroup>
    <ClInclude Include="src\Renderer.h">
      <Filter>Source Files</Filter>
    </ClInclude>
  </ItemGroup>
  <ItemGroup>
    <None Include="src\Shaders\vertex.vert">
      <Filter>Shader</Filter>
    </None>
    <None Include="src\Shaders\fragment.frag">
      <Filter>Shader</Filter>
    </None>
    <None Include="src\Shaders\texture_frag.frag">
      <Filter>Shader</Filter>
    </None>
    <None Include="src\Shaders\texture_vert.vert">
      <Filter>Shader</Filter>
    </None>
  </ItemGroup>
</Project>