<?xml version="1.0" encoding="utf-8"?>
<Project ToolsVersion="4.0" xmlns="http://schemas.microsoft.com/developer/msbuild/2003">
  <ItemGroup>
    <Filter Include="Source Files">
      <UniqueIdentifier>{4FC737F1-C7A5-4376-A066-2A32D752A2FF}</UniqueIdentifier>
      <Extensions>cpp;c;cc;cxx;c++;cppm;ixx;def;odl;idl;hpj;bat;asm;asmx</Extensions>
    </Filter>
    <Filter Include="Header Files">
      <UniqueIdentifier>{93995380-89BD-4b04-88EB-625FBE52EBFB}</UniqueIdentifier>
      <Extensions>h;hh;hpp;hxx;h++;hm;inl;inc;ipp;xsd</Extensions>
    </Filter>
    <Filter Include="Resource Files">
      <UniqueIdentifier>{67DA6AB6-F800-4c08-8B7A-83BB121AAD01}</UniqueIdentifier>
      <Extensions>rc;ico;cur;bmp;dlg;rc2;rct;bin;rgs;gif;jpg;jpeg;jpe;resx;tiff;tif;png;wav;mfcribbon-ms</Extensions>
    </Filter>
    <Filter Include="res">
      <UniqueIdentifier>{7a853a1b-b8be-47ef-bfcd-bb1eaeeed98c}</UniqueIdentifier>
    </Filter>
    <Filter Include="res\shader">
      <UniqueIdentifier>{62d77538-aea2-4afa-b8a2-efec970b8c99}</UniqueIdentifier>
    </Filter>
  </ItemGroup>
  <ItemGroup>
    <ClCompile Include="src\BaseGame.cpp">
      <Filter>Source Files</Filter>
    </ClCompile>
    <ClCompile Include="src\Entity2D.cpp">
      <Filter>Source Files</Filter>
    </ClCompile>
    <ClCompile Include="src\renderer.cpp">
      <Filter>Source Files</Filter>
    </ClCompile>
    <ClCompile Include="src\Shape.cpp">
      <Filter>Source Files</Filter>
    </ClCompile>
    <ClCompile Include="src\Window.cpp">
      <Filter>Source Files</Filter>
    </ClCompile>
    <ClCompile Include="src\Entity.cpp">
      <Filter>Source Files</Filter>
    </ClCompile>
    <ClCompile Include="src\Input.cpp">
      <Filter>Source Files</Filter>
    </ClCompile>
    <ClCompile Include="src\Camera.cpp">
      <Filter>Source Files</Filter>
    </ClCompile>
    <ClCompile Include="src\TextureImporter.cpp">
      <Filter>Source Files</Filter>
    </ClCompile>
    <ClCompile Include="src\Sprite.cpp">
      <Filter>Source Files</Filter>
    </ClCompile>
    <ClCompile Include="src\Collision Manager.cpp">
      <Filter>Source Files</Filter>
    </ClCompile>
    <ClCompile Include="src\Animacion.cpp">
      <Filter>Source Files</Filter>
    </ClCompile>
    <ClCompile Include="src\TimeManager.cpp">
      <Filter>Source Files</Filter>
    </ClCompile>
  </ItemGroup>
  <ItemGroup>
    <ClInclude Include="src\BaseGame.h">
      <Filter>Header Files</Filter>
    </ClInclude>
    <ClInclude Include="src\Entity2D.h">
      <Filter>Header Files</Filter>
    </ClInclude>
    <ClInclude Include="src\Export.h">
      <Filter>Header Files</Filter>
    </ClInclude>
    <ClInclude Include="src\Global.h">
      <Filter>Header Files</Filter>
    </ClInclude>
    <ClInclude Include="src\renderer.h">
      <Filter>Header Files</Filter>
    </ClInclude>
    <ClInclude Include="src\Shape.h">
      <Filter>Header Files</Filter>
    </ClInclude>
    <ClInclude Include="src\Window.h">
      <Filter>Header Files</Filter>
    </ClInclude>
    <ClInclude Include="src\Entity.h">
      <Filter>Header Files</Filter>
    </ClInclude>
    <ClInclude Include="src\Input.h">
      <Filter>Header Files</Filter>
    </ClInclude>
    <ClInclude Include="src\Camera.h">
      <Filter>Header Files</Filter>
    </ClInclude>
    <ClInclude Include="src\Sprite.h">
      <Filter>Header Files</Filter>
    </ClInclude>
    <ClInclude Include="src\stb_image.h">
      <Filter>Header Files</Filter>
    </ClInclude>
    <ClInclude Include="src\TextureImporter.h">
      <Filter>Header Files</Filter>
    </ClInclude>
    <ClInclude Include="src\Collision Manager.h">
      <Filter>Header Files</Filter>
    </ClInclude>
    <ClInclude Include="src\Animation.h">
      <Filter>Header Files</Filter>
    </ClInclude>
    <ClInclude Include="src\Frame.h">
      <Filter>Header Files</Filter>
    </ClInclude>
    <ClInclude Include="src\TimeManager.h">
      <Filter>Header Files</Filter>
    </ClInclude>
  </ItemGroup>
  <ItemGroup>
    <None Include="..\res\shader\Fragment.shader">
      <Filter>res\shader</Filter>
    </None>
    <None Include="..\res\shader\Vertex.shader">
      <Filter>res\shader</Filter>
    </None>
    <None Include="..\res\shader\TextureFragment.shader">
      <Filter>res\shader</Filter>
    </None>
    <None Include="..\res\shader\TextureVertex.shader">
      <Filter>res\shader</Filter>
    </None>
  </ItemGroup>
</Project>