
Microsoft Visual Studio Solution File, Format Version 12.00
# Visual Studio Version 16
VisualStudioVersion = 16.0.31605.320
MinimumVisualStudioVersion = 10.0.40219.1
Project("{8BC9CEB8-8B4A-11D0-8D11-00A0C91BC942}") = "Engine Grafico", "Engine Grafico\Engine Grafico.vcxproj", "{61105397-0A71-42BE-AFFA-DDCCC9D571AE}"
EndProject
Project("{8BC9CEB8-8B4A-11D0-8D11-00A0C91BC942}") = "Game Module", "Game Module\Game Module.vcxproj", "{ADC3E67F-D986-4163-B428-0A76A1C29D6A}"
	ProjectSection(ProjectDependencies) = postProject
		{61105397-0A71-42BE-AFFA-DDCCC9D571AE} = {61105397-0A71-42BE-AFFA-DDCCC9D571AE}
	EndProjectSection
EndProject
Global
	GlobalSection(SolutionConfigurationPlatforms) = preSolution
		Debug|x64 = Debug|x64
		Debug|x86 = Debug|x86
		Release|x64 = Release|x64
		Release|x86 = Release|x86
	EndGlobalSection
	GlobalSection(ProjectConfigurationPlatforms) = postSolution
		{61105397-0A71-42BE-AFFA-DDCCC9D571AE}.Debug|x64.ActiveCfg = Debug|x64
		{61105397-0A71-42BE-AFFA-DDCCC9D571AE}.Debug|x64.Build.0 = Debug|x64
		{61105397-0A71-42BE-AFFA-DDCCC9D571AE}.Debug|x86.ActiveCfg = Debug|Win32
		{61105397-0A71-42BE-AFFA-DDCCC9D571AE}.Debug|x86.Build.0 = Debug|Win32
		{61105397-0A71-42BE-AFFA-DDCCC9D571AE}.Release|x64.ActiveCfg = Release|x64
		{61105397-0A71-42BE-AFFA-DDCCC9D571AE}.Release|x64.Build.0 = Release|x64
		{61105397-0A71-42BE-AFFA-DDCCC9D571AE}.Release|x86.ActiveCfg = Debug|Win32
		{61105397-0A71-42BE-AFFA-DDCCC9D571AE}.Release|x86.Build.0 = Debug|Win32
		{ADC3E67F-D986-4163-B428-0A76A1C29D6A}.Debug|x64.ActiveCfg = Debug|x64
		{ADC3E67F-D986-4163-B428-0A76A1C29D6A}.Debug|x64.Build.0 = Debug|x64
		{ADC3E67F-D986-4163-B428-0A76A1C29D6A}.Debug|x86.ActiveCfg = Debug|Win32
		{ADC3E67F-D986-4163-B428-0A76A1C29D6A}.Debug|x86.Build.0 = Debug|Win32
		{ADC3E67F-D986-4163-B428-0A76A1C29D6A}.Release|x64.ActiveCfg = Release|x64
		{ADC3E67F-D986-4163-B428-0A76A1C29D6A}.Release|x64.Build.0 = Release|x64
		{ADC3E67F-D986-4163-B428-0A76A1C29D6A}.Release|x86.ActiveCfg = Debug|Win32
		{ADC3E67F-D986-4163-B428-0A76A1C29D6A}.Release|x86.Build.0 = Debug|Win32
	EndGlobalSection
	GlobalSection(SolutionProperties) = preSolution
		HideSolutionNode = FALSE
	EndGlobalSection
	GlobalSection(ExtensibilityGlobals) = postSolution
		SolutionGuid = {B7DDFD70-3FF3-45CD-8EA8-DE6A032B6238}
	EndGlobalSection
EndGlobal
